// !$*UTF8*$!
{
	archiveVersion = 1;
	classes = {
	};
	objectVersion = 46;
	objects = {

/* Begin PBXBuildFile section */
		04462A8B1E07B2A600800C6B /* CellCollectionViewCell.swift in Sources */ = {isa = PBXBuildFile; fileRef = 04462A8A1E07B2A600800C6B /* CellCollectionViewCell.swift */; };
		04C3587B1DFF297900412E00 /* GalleryCollectionViewController.swift in Sources */ = {isa = PBXBuildFile; fileRef = 04C3587A1DFF297900412E00 /* GalleryCollectionViewController.swift */; };
		04C3587F1DFF2F0E00412E00 /* AppState.swift in Sources */ = {isa = PBXBuildFile; fileRef = 04C3587E1DFF2F0E00412E00 /* AppState.swift */; };
		04C358811DFF334900412E00 /* GoogleService-Info.plist in Resources */ = {isa = PBXBuildFile; fileRef = 04C358801DFF334900412E00 /* GoogleService-Info.plist */; };
		04C358831DFF37E200412E00 /* UploadViewController.swift in Sources */ = {isa = PBXBuildFile; fileRef = 04C358821DFF37E200412E00 /* UploadViewController.swift */; };
		04D9F89D1DFF22B600678BAB /* AppDelegate.swift in Sources */ = {isa = PBXBuildFile; fileRef = 04D9F89C1DFF22B600678BAB /* AppDelegate.swift */; };
		04D9F89F1DFF22B600678BAB /* ViewController.swift in Sources */ = {isa = PBXBuildFile; fileRef = 04D9F89E1DFF22B600678BAB /* ViewController.swift */; };
		04D9F8A21DFF22B600678BAB /* Main.storyboard in Resources */ = {isa = PBXBuildFile; fileRef = 04D9F8A01DFF22B600678BAB /* Main.storyboard */; };
		04D9F8A41DFF22B600678BAB /* Assets.xcassets in Resources */ = {isa = PBXBuildFile; fileRef = 04D9F8A31DFF22B600678BAB /* Assets.xcassets */; };
		04D9F8A71DFF22B600678BAB /* LaunchScreen.storyboard in Resources */ = {isa = PBXBuildFile; fileRef = 04D9F8A51DFF22B600678BAB /* LaunchScreen.storyboard */; };
		DBBB9D692C95B103B2CC4C79 /* Pods_CloudGallery.framework in Frameworks */ = {isa = PBXBuildFile; fileRef = CF43D78A2BC22E56A33637B6 /* Pods_CloudGallery.framework */; };
/* End PBXBuildFile section */

/* Begin PBXFileReference section */
		04462A8A1E07B2A600800C6B /* CellCollectionViewCell.swift */ = {isa = PBXFileReference; fileEncoding = 4; lastKnownFileType = sourcecode.swift; path = CellCollectionViewCell.swift; sourceTree = "<group>"; };
		04C3587A1DFF297900412E00 /* GalleryCollectionViewController.swift */ = {isa = PBXFileReference; fileEncoding = 4; lastKnownFileType = sourcecode.swift; path = GalleryCollectionViewController.swift; sourceTree = "<group>"; };
		04C3587E1DFF2F0E00412E00 /* AppState.swift */ = {isa = PBXFileReference; fileEncoding = 4; lastKnownFileType = sourcecode.swift; path = AppState.swift; sourceTree = "<group>"; };
		04C358801DFF334900412E00 /* GoogleService-Info.plist */ = {isa = PBXFileReference; fileEncoding = 4; lastKnownFileType = text.plist.xml; path = "GoogleService-Info.plist"; sourceTree = "<group>"; };
		04C358821DFF37E200412E00 /* UploadViewController.swift */ = {isa = PBXFileReference; fileEncoding = 4; lastKnownFileType = sourcecode.swift; path = UploadViewController.swift; sourceTree = "<group>"; };
		04D9F8991DFF22B600678BAB /* CloudGallery.app */ = {isa = PBXFileReference; explicitFileType = wrapper.application; includeInIndex = 0; path = CloudGallery.app; sourceTree = BUILT_PRODUCTS_DIR; };
		04D9F89C1DFF22B600678BAB /* AppDelegate.swift */ = {isa = PBXFileReference; lastKnownFileType = sourcecode.swift; path = AppDelegate.swift; sourceTree = "<group>"; };
		04D9F89E1DFF22B600678BAB /* ViewController.swift */ = {isa = PBXFileReference; lastKnownFileType = sourcecode.swift; path = ViewController.swift; sourceTree = "<group>"; };
		04D9F8A11DFF22B600678BAB /* Base */ = {isa = PBXFileReference; lastKnownFileType = file.storyboard; name = Base; path = Base.lproj/Main.storyboard; sourceTree = "<group>"; };
		04D9F8A31DFF22B600678BAB /* Assets.xcassets */ = {isa = PBXFileReference; lastKnownFileType = folder.assetcatalog; path = Assets.xcassets; sourceTree = "<group>"; };
		04D9F8A61DFF22B600678BAB /* Base */ = {isa = PBXFileReference; lastKnownFileType = file.storyboard; name = Base; path = Base.lproj/LaunchScreen.storyboard; sourceTree = "<group>"; };
		04D9F8A81DFF22B600678BAB /* Info.plist */ = {isa = PBXFileReference; lastKnownFileType = text.plist.xml; path = Info.plist; sourceTree = "<group>"; };
		2088D93F055173B97AB78751 /* Pods-CloudGallery.release.xcconfig */ = {isa = PBXFileReference; includeInIndex = 1; lastKnownFileType = text.xcconfig; name = "Pods-CloudGallery.release.xcconfig"; path = "Pods/Target Support Files/Pods-CloudGallery/Pods-CloudGallery.release.xcconfig"; sourceTree = "<group>"; };
		5FC9BDC49547448EBE98D1DD /* Pods-CloudGallery.debug.xcconfig */ = {isa = PBXFileReference; includeInIndex = 1; lastKnownFileType = text.xcconfig; name = "Pods-CloudGallery.debug.xcconfig"; path = "Pods/Target Support Files/Pods-CloudGallery/Pods-CloudGallery.debug.xcconfig"; sourceTree = "<group>"; };
		CF43D78A2BC22E56A33637B6 /* Pods_CloudGallery.framework */ = {isa = PBXFileReference; explicitFileType = wrapper.framework; includeInIndex = 0; path = Pods_CloudGallery.framework; sourceTree = BUILT_PRODUCTS_DIR; };
/* End PBXFileReference section */

/* Begin PBXFrameworksBuildPhase section */
		04D9F8961DFF22B500678BAB /* Frameworks */ = {
			isa = PBXFrameworksBuildPhase;
			buildActionMask = 2147483647;
			files = (
				DBBB9D692C95B103B2CC4C79 /* Pods_CloudGallery.framework in Frameworks */,
			);
			runOnlyForDeploymentPostprocessing = 0;
		};
/* End PBXFrameworksBuildPhase section */

/* Begin PBXGroup section */
		04D9F8901DFF22B500678BAB = {
			isa = PBXGroup;
			children = (
				04C358801DFF334900412E00 /* GoogleService-Info.plist */,
				04D9F89B1DFF22B600678BAB /* CloudGallery */,
				04D9F89A1DFF22B600678BAB /* Products */,
				77267119AD1304E7F14BB5B0 /* Pods */,
				BBB46A6F9F06629A528DABA6 /* Frameworks */,
			);
			sourceTree = "<group>";
		};
		04D9F89A1DFF22B600678BAB /* Products */ = {
			isa = PBXGroup;
			children = (
				04D9F8991DFF22B600678BAB /* CloudGallery.app */,
			);
			name = Products;
			sourceTree = "<group>";
		};
		04D9F89B1DFF22B600678BAB /* CloudGallery */ = {
			isa = PBXGroup;
			children = (
				04D9F89C1DFF22B600678BAB /* AppDelegate.swift */,
				04D9F89E1DFF22B600678BAB /* ViewController.swift */,
				04D9F8A01DFF22B600678BAB /* Main.storyboard */,
				04D9F8A31DFF22B600678BAB /* Assets.xcassets */,
				04D9F8A51DFF22B600678BAB /* LaunchScreen.storyboard */,
				04D9F8A81DFF22B600678BAB /* Info.plist */,
				04C3587A1DFF297900412E00 /* GalleryCollectionViewController.swift */,
				04C3587E1DFF2F0E00412E00 /* AppState.swift */,
				04C358821DFF37E200412E00 /* UploadViewController.swift */,
				04462A8A1E07B2A600800C6B /* CellCollectionViewCell.swift */,
			);
			path = CloudGallery;
			sourceTree = "<group>";
		};
		77267119AD1304E7F14BB5B0 /* Pods */ = {
			isa = PBXGroup;
			children = (
				5FC9BDC49547448EBE98D1DD /* Pods-CloudGallery.debug.xcconfig */,
				2088D93F055173B97AB78751 /* Pods-CloudGallery.release.xcconfig */,
			);
			name = Pods;
			sourceTree = "<group>";
		};
		BBB46A6F9F06629A528DABA6 /* Frameworks */ = {
			isa = PBXGroup;
			children = (
				CF43D78A2BC22E56A33637B6 /* Pods_CloudGallery.framework */,
			);
			name = Frameworks;
			sourceTree = "<group>";
		};
/* End PBXGroup section */

/* Begin PBXNativeTarget section */
		04D9F8981DFF22B500678BAB /* CloudGallery */ = {
			isa = PBXNativeTarget;
			buildConfigurationList = 04D9F8AB1DFF22B600678BAB /* Build configuration list for PBXNativeTarget "CloudGallery" */;
			buildPhases = (
				F7D22DDD897E3FB63F5CDFD4 /* [CP] Check Pods Manifest.lock */,
				04D9F8951DFF22B500678BAB /* Sources */,
				04D9F8961DFF22B500678BAB /* Frameworks */,
				04D9F8971DFF22B500678BAB /* Resources */,
				53DD7A793BE3F50A459726F3 /* [CP] Embed Pods Frameworks */,
				95EB055B1FB387A1C7E5EAA1 /* [CP] Copy Pods Resources */,
			);
			buildRules = (
			);
			dependencies = (
			);
			name = CloudGallery;
			productName = CloudGallery;
			productReference = 04D9F8991DFF22B600678BAB /* CloudGallery.app */;
			productType = "com.apple.product-type.application";
		};
/* End PBXNativeTarget section */

/* Begin PBXProject section */
		04D9F8911DFF22B500678BAB /* Project object */ = {
			isa = PBXProject;
			attributes = {
				LastSwiftUpdateCheck = 0810;
				LastUpgradeCheck = 0810;
				ORGANIZATIONNAME = "Jack Weber";
				TargetAttributes = {
					04D9F8981DFF22B500678BAB = {
						CreatedOnToolsVersion = 8.1;
						DevelopmentTeam = PS9CT7L6JZ;
						ProvisioningStyle = Automatic;
					};
				};
			};
			buildConfigurationList = 04D9F8941DFF22B500678BAB /* Build configuration list for PBXProject "CloudGallery" */;
			compatibilityVersion = "Xcode 3.2";
			developmentRegion = English;
			hasScannedForEncodings = 0;
			knownRegions = (
				en,
				Base,
			);
			mainGroup = 04D9F8901DFF22B500678BAB;
			productRefGroup = 04D9F89A1DFF22B600678BAB /* Products */;
			projectDirPath = "";
			projectRoot = "";
			targets = (
				04D9F8981DFF22B500678BAB /* CloudGallery */,
			);
		};
/* End PBXProject section */

/* Begin PBXResourcesBuildPhase section */
		04D9F8971DFF22B500678BAB /* Resources */ = {
			isa = PBXResourcesBuildPhase;
			buildActionMask = 2147483647;
			files = (
				04D9F8A71DFF22B600678BAB /* LaunchScreen.storyboard in Resources */,
				04C358811DFF334900412E00 /* GoogleService-Info.plist in Resources */,
				04D9F8A41DFF22B600678BAB /* Assets.xcassets in Resources */,
				04D9F8A21DFF22B600678BAB /* Main.storyboard in Resources */,
			);
			runOnlyForDeploymentPostprocessing = 0;
		};
/* End PBXResourcesBuildPhase section */

/* Begin PBXShellScriptBuildPhase section */
		53DD7A793BE3F50A459726F3 /* [CP] Embed Pods Frameworks */ = {
			isa = PBXShellScriptBuildPhase;
			buildActionMask = 2147483647;
			files = (
			);
			inputPaths = (
			);
			name = "[CP] Embed Pods Frameworks";
			outputPaths = (
			);
			runOnlyForDeploymentPostprocessing = 0;
			shellPath = /bin/sh;
			shellScript = "\"${SRCROOT}/Pods/Target Support Files/Pods-CloudGallery/Pods-CloudGallery-frameworks.sh\"\n";
			showEnvVarsInLog = 0;
		};
		95EB055B1FB387A1C7E5EAA1 /* [CP] Copy Pods Resources */ = {
			isa = PBXShellScriptBuildPhase;
			buildActionMask = 2147483647;
			files = (
			);
			inputPaths = (
			);
			name = "[CP] Copy Pods Resources";
			outputPaths = (
			);
			runOnlyForDeploymentPostprocessing = 0;
			shellPath = /bin/sh;
			shellScript = "\"${SRCROOT}/Pods/Target Support Files/Pods-CloudGallery/Pods-CloudGallery-resources.sh\"\n";
			showEnvVarsInLog = 0;
		};
		F7D22DDD897E3FB63F5CDFD4 /* [CP] Check Pods Manifest.lock */ = {
			isa = PBXShellScriptBuildPhase;
			buildActionMask = 2147483647;
			files = (
			);
			inputPaths = (
			);
			name = "[CP] Check Pods Manifest.lock";
			outputPaths = (
			);
			runOnlyForDeploymentPostprocessing = 0;
			shellPath = /bin/sh;
			shellScript = "diff \"${PODS_ROOT}/../Podfile.lock\" \"${PODS_ROOT}/Manifest.lock\" > /dev/null\nif [ $? != 0 ] ; then\n    # print error to STDERR\n    echo \"error: The sandbox is not in sync with the Podfile.lock. Run 'pod install' or update your CocoaPods installation.\" >&2\n    exit 1\nfi\n";
			showEnvVarsInLog = 0;
		};
/* End PBXShellScriptBuildPhase section */

/* Begin PBXSourcesBuildPhase section */
		04D9F8951DFF22B500678BAB /* Sources */ = {
			isa = PBXSourcesBuildPhase;
			buildActionMask = 2147483647;
			files = (
				04462A8B1E07B2A600800C6B /* CellCollectionViewCell.swift in Sources */,
				04D9F89F1DFF22B600678BAB /* ViewController.swift in Sources */,
				04C358831DFF37E200412E00 /* UploadViewController.swift in Sources */,
				04C3587B1DFF297900412E00 /* GalleryCollectionViewController.swift in Sources */,
				04D9F89D1DFF22B600678BAB /* AppDelegate.swift in Sources */,
				04C3587F1DFF2F0E00412E00 /* AppState.swift in Sources */,
			);
			runOnlyForDeploymentPostprocessing = 0;
		};
/* End PBXSourcesBuildPhase section */

/* Begin PBXVariantGroup section */
		04D9F8A01DFF22B600678BAB /* Main.storyboard */ = {
			isa = PBXVariantGroup;
			children = (
				04D9F8A11DFF22B600678BAB /* Base */,
			);
			name = Main.storyboard;
			sourceTree = "<group>";
		};
		04D9F8A51DFF22B600678BAB /* LaunchScreen.storyboard */ = {
			isa = PBXVariantGroup;
			children = (
				04D9F8A61DFF22B600678BAB /* Base */,
			);
			name = LaunchScreen.storyboard;
			sourceTree = "<group>";
		};
/* End PBXVariantGroup section */

/* Begin XCBuildConfiguration section */
		04D9F8A91DFF22B600678BAB /* Debug */ = {
			isa = XCBuildConfiguration;
			buildSettings = {
				ALWAYS_SEARCH_USER_PATHS = NO;
				CLANG_ANALYZER_NONNULL = YES;
				CLANG_CXX_LANGUAGE_STANDARD = "gnu++0x";
				CLANG_CXX_LIBRARY = "libc++";
				CLANG_ENABLE_MODULES = YES;
				CLANG_ENABLE_OBJC_ARC = YES;
				CLANG_WARN_BOOL_CONVERSION = YES;
				CLANG_WARN_CONSTANT_CONVERSION = YES;
				CLANG_WARN_DIRECT_OBJC_ISA_USAGE = YES_ERROR;
				CLANG_WARN_DOCUMENTATION_COMMENTS = YES;
				CLANG_WARN_EMPTY_BODY = YES;
				CLANG_WARN_ENUM_CONVERSION = YES;
				CLANG_WARN_INFINITE_RECURSION = YES;
				CLANG_WARN_INT_CONVERSION = YES;
				CLANG_WARN_OBJC_ROOT_CLASS = YES_ERROR;
				CLANG_WARN_SUSPICIOUS_MOVES = YES;
				CLANG_WARN_UNREACHABLE_CODE = YES;
				CLANG_WARN__DUPLICATE_METHOD_MATCH = YES;
				"CODE_SIGN_IDENTITY[sdk=iphoneos*]" = "iPhone Developer";
				COPY_PHASE_STRIP = NO;
				DEBUG_INFORMATION_FORMAT = dwarf;
				ENABLE_STRICT_OBJC_MSGSEND = YES;
				ENABLE_TESTABILITY = YES;
				GCC_C_LANGUAGE_STANDARD = gnu99;
				GCC_DYNAMIC_NO_PIC = NO;
				GCC_NO_COMMON_BLOCKS = YES;
				GCC_OPTIMIZATION_LEVEL = 0;
				GCC_PREPROCESSOR_DEFINITIONS = (
					"DEBUG=1",
					"$(inherited)",
				);
				GCC_WARN_64_TO_32_BIT_CONVERSION = YES;
				GCC_WARN_ABOUT_RETURN_TYPE = YES_ERROR;
				GCC_WARN_UNDECLARED_SELECTOR = YES;
				GCC_WARN_UNINITIALIZED_AUTOS = YES_AGGRESSIVE;
				GCC_WARN_UNUSED_FUNCTION = YES;
				GCC_WARN_UNUSED_VARIABLE = YES;
				IPHONEOS_DEPLOYMENT_TARGET = 10.1;
				MTL_ENABLE_DEBUG_INFO = YES;
				ONLY_ACTIVE_ARCH = YES;
				SDKROOT = iphoneos;
				SWIFT_ACTIVE_COMPILATION_CONDITIONS = DEBUG;
				SWIFT_OPTIMIZATION_LEVEL = "-Onone";
			};
			name = Debug;
		};
		04D9F8AA1DFF22B600678BAB /* Release */ = {
			isa = XCBuildConfiguration;
			buildSettings = {
				ALWAYS_SEARCH_USER_PATHS = NO;
				CLANG_ANALYZER_NONNULL = YES;
				CLANG_CXX_LANGUAGE_STANDARD = "gnu++0x";
				CLANG_CXX_LIBRARY = "libc++";
				CLANG_ENABLE_MODULES = YES;
				CLANG_ENABLE_OBJC_ARC = YES;
				CLANG_WARN_BOOL_CONVERSION = YES;
				CLANG_WARN_CONSTANT_CONVERSION = YES;
				CLANG_WARN_DIRECT_OBJC_ISA_USAGE = YES_ERROR;
				CLANG_WARN_DOCUMENTATION_COMMENTS = YES;
				CLANG_WARN_EMPTY_BODY = YES;
				CLANG_WARN_ENUM_CONVERSION = YES;
				CLANG_WARN_INFINITE_RECURSION = YES;
				CLANG_WARN_INT_CONVERSION = YES;
				CLANG_WARN_OBJC_ROOT_CLASS = YES_ERROR;
				CLANG_WARN_SUSPICIOUS_MOVES = YES;
				CLANG_WARN_UNREACHABLE_CODE = YES;
				CLANG_WARN__DUPLICATE_METHOD_MATCH = YES;
				"CODE_SIGN_IDENTITY[sdk=iphoneos*]" = "iPhone Developer";
				COPY_PHASE_STRIP = NO;
				DEBUG_INFORMATION_FORMAT = "dwarf-with-dsym";
				ENABLE_NS_ASSERTIONS = NO;
				ENABLE_STRICT_OBJC_MSGSEND = YES;
				GCC_C_LANGUAGE_STANDARD = gnu99;
				GCC_NO_COMMON_BLOCKS = YES;
				GCC_WARN_64_TO_32_BIT_CONVERSION = YES;
				GCC_WARN_ABOUT_RETURN_TYPE = YES_ERROR;
				GCC_WARN_UNDECLARED_SELECTOR = YES;
				GCC_WARN_UNINITIALIZED_AUTOS = YES_AGGRESSIVE;
				GCC_WARN_UNUSED_FUNCTION = YES;
				GCC_WARN_UNUSED_VARIABLE = YES;
				IPHONEOS_DEPLOYMENT_TARGET = 10.1;
				MTL_ENABLE_DEBUG_INFO = NO;
				SDKROOT = iphoneos;
				SWIFT_OPTIMIZATION_LEVEL = "-Owholemodule";
				VALIDATE_PRODUCT = YES;
			};
			name = Release;
		};
		04D9F8AC1DFF22B600678BAB /* Debug */ = {
			isa = XCBuildConfiguration;
			baseConfigurationReference = 5FC9BDC49547448EBE98D1DD /* Pods-CloudGallery.debug.xcconfig */;
			buildSettings = {
				ASSETCATALOG_COMPILER_APPICON_NAME = AppIcon;
				DEVELOPMENT_TEAM = PS9CT7L6JZ;
				INFOPLIST_FILE = CloudGallery/Info.plist;
				LD_RUNPATH_SEARCH_PATHS = "$(inherited) @executable_path/Frameworks";
				PRODUCT_BUNDLE_IDENTIFIER = com.simpl.CloudGallery;
				PRODUCT_NAME = "$(TARGET_NAME)";
				SWIFT_VERSION = 3.0;
			};
			name = Debug;
		};
		04D9F8AD1DFF22B600678BAB /* Release */ = {
			isa = XCBuildConfiguration;
			baseConfigurationReference = 2088D93F055173B97AB78751 /* Pods-CloudGallery.release.xcconfig */;
			buildSettings = {
				ASSETCATALOG_COMPILER_APPICON_NAME = AppIcon;
				DEVELOPMENT_TEAM = PS9CT7L6JZ;
				INFOPLIST_FILE = CloudGallery/Info.plist;
				LD_RUNPATH_SEARCH_PATHS = "$(inherited) @executable_path/Frameworks";
				PRODUCT_BUNDLE_IDENTIFIER = com.simpl.CloudGallery;
				PRODUCT_NAME = "$(TARGET_NAME)";
				SWIFT_VERSION = 3.0;
			};
			name = Release;
		};
/* End XCBuildConfiguration section */

/* Begin XCConfigurationList section */
		04D9F8941DFF22B500678BAB /* Build configuration list for PBXProject "CloudGallery" */ = {
			isa = XCConfigurationList;
			buildConfigurations = (
				04D9F8A91DFF22B600678BAB /* Debug */,
				04D9F8AA1DFF22B600678BAB /* Release */,
			);
			defaultConfigurationIsVisible = 0;
			defaultConfigurationName = Release;
		};
		04D9F8AB1DFF22B600678BAB /* Build configuration list for PBXNativeTarget "CloudGallery" */ = {
			isa = XCConfigurationList;
			buildConfigurations = (
				04D9F8AC1DFF22B600678BAB /* Debug */,
				04D9F8AD1DFF22B600678BAB /* Release */,
			);
			defaultConfigurationIsVisible = 0;
			defaultConfigurationName = Release;
		};
/* End XCConfigurationList section */
	};
	rootObject = 04D9F8911DFF22B500678BAB /* Project object */;
}
